
Microsoft Visual Studio Solution File, Format Version 12.00
# Visual Studio 15
VisualStudioVersion = 15.0.26730.16
MinimumVisualStudioVersion = 10.0.40219.1
Project("{8BC9CEB8-8B4A-11D0-8D11-00A0C91BC942}") = "寒假day_09", "寒假day_09\寒假day_09.vcxproj", "{A0688D72-2B4D-4897-B7C0-20CCF10338BB}"
EndProject
Global
	GlobalSection(SolutionConfigurationPlatforms) = preSolution
		Debug|x64 = Debug|x64
		Debug|x86 = Debug|x86
		Release|x64 = Release|x64
		Release|x86 = Release|x86
	EndGlobalSection
	GlobalSection(ProjectConfigurationPlatforms) = postSolution
		{A0688D72-2B4D-4897-B7C0-20CCF10338BB}.Debug|x64.ActiveCfg = Debug|x64
		{A0688D72-2B4D-4897-B7C0-20CCF10338BB}.Debug|x64.Build.0 = Debug|x64
		{A0688D72-2B4D-4897-B7C0-20CCF10338BB}.Debug|x86.ActiveCfg = Debug|Win32
		{A0688D72-2B4D-4897-B7C0-20CCF10338BB}.Debug|x86.Build.0 = Debug|Win32
		{A0688D72-2B4D-4897-B7C0-20CCF10338BB}.Release|x64.ActiveCfg = Release|x64
		{A0688D72-2B4D-4897-B7C0-20CCF10338BB}.Release|x64.Build.0 = Release|x64
		{A0688D72-2B4D-4897-B7C0-20CCF10338BB}.Release|x86.ActiveCfg = Release|Win32
		{A0688D72-2B4D-4897-B7C0-20CCF10338BB}.Release|x86.Build.0 = Release|Win32
	EndGlobalSection
	GlobalSection(SolutionProperties) = preSolution
		HideSolutionNode = FALSE
	EndGlobalSection
	GlobalSection(ExtensibilityGlobals) = postSolution
		SolutionGuid = {4ECEABC2-EC4A-47EF-B47D-D013BA33DA6A}
	EndGlobalSection
EndGlobal
