
Microsoft Visual Studio Solution File, Format Version 12.00
# Visual Studio 15
VisualStudioVersion = 15.0.26730.16
MinimumVisualStudioVersion = 10.0.40219.1
Project("{8BC9CEB8-8B4A-11D0-8D11-00A0C91BC942}") = "每日一题day_34", "每日一题day_34\每日一题day_34.vcxproj", "{D2AEF410-38C4-4CC4-BC31-1D8A15BB63BE}"
EndProject
Global
	GlobalSection(SolutionConfigurationPlatforms) = preSolution
		Debug|x64 = Debug|x64
		Debug|x86 = Debug|x86
		Release|x64 = Release|x64
		Release|x86 = Release|x86
	EndGlobalSection
	GlobalSection(ProjectConfigurationPlatforms) = postSolution
		{D2AEF410-38C4-4CC4-BC31-1D8A15BB63BE}.Debug|x64.ActiveCfg = Debug|x64
		{D2AEF410-38C4-4CC4-BC31-1D8A15BB63BE}.Debug|x64.Build.0 = Debug|x64
		{D2AEF410-38C4-4CC4-BC31-1D8A15BB63BE}.Debug|x86.ActiveCfg = Debug|Win32
		{D2AEF410-38C4-4CC4-BC31-1D8A15BB63BE}.Debug|x86.Build.0 = Debug|Win32
		{D2AEF410-38C4-4CC4-BC31-1D8A15BB63BE}.Release|x64.ActiveCfg = Release|x64
		{D2AEF410-38C4-4CC4-BC31-1D8A15BB63BE}.Release|x64.Build.0 = Release|x64
		{D2AEF410-38C4-4CC4-BC31-1D8A15BB63BE}.Release|x86.ActiveCfg = Release|Win32
		{D2AEF410-38C4-4CC4-BC31-1D8A15BB63BE}.Release|x86.Build.0 = Release|Win32
	EndGlobalSection
	GlobalSection(SolutionProperties) = preSolution
		HideSolutionNode = FALSE
	EndGlobalSection
	GlobalSection(ExtensibilityGlobals) = postSolution
		SolutionGuid = {36EDC5BB-7740-4BC9-B4A1-2DE7DC175116}
	EndGlobalSection
EndGlobal
