
Microsoft Visual Studio Solution File, Format Version 12.00
# Visual Studio 15
VisualStudioVersion = 15.0.26730.16
MinimumVisualStudioVersion = 10.0.40219.1
Project("{8BC9CEB8-8B4A-11D0-8D11-00A0C91BC942}") = "每日一题day_35", "每日一题day_35\每日一题day_35.vcxproj", "{BC912457-1A2E-468B-97AE-E1E1E6D43330}"
EndProject
Global
	GlobalSection(SolutionConfigurationPlatforms) = preSolution
		Debug|x64 = Debug|x64
		Debug|x86 = Debug|x86
		Release|x64 = Release|x64
		Release|x86 = Release|x86
	EndGlobalSection
	GlobalSection(ProjectConfigurationPlatforms) = postSolution
		{BC912457-1A2E-468B-97AE-E1E1E6D43330}.Debug|x64.ActiveCfg = Debug|x64
		{BC912457-1A2E-468B-97AE-E1E1E6D43330}.Debug|x64.Build.0 = Debug|x64
		{BC912457-1A2E-468B-97AE-E1E1E6D43330}.Debug|x86.ActiveCfg = Debug|Win32
		{BC912457-1A2E-468B-97AE-E1E1E6D43330}.Debug|x86.Build.0 = Debug|Win32
		{BC912457-1A2E-468B-97AE-E1E1E6D43330}.Release|x64.ActiveCfg = Release|x64
		{BC912457-1A2E-468B-97AE-E1E1E6D43330}.Release|x64.Build.0 = Release|x64
		{BC912457-1A2E-468B-97AE-E1E1E6D43330}.Release|x86.ActiveCfg = Release|Win32
		{BC912457-1A2E-468B-97AE-E1E1E6D43330}.Release|x86.Build.0 = Release|Win32
	EndGlobalSection
	GlobalSection(SolutionProperties) = preSolution
		HideSolutionNode = FALSE
	EndGlobalSection
	GlobalSection(ExtensibilityGlobals) = postSolution
		SolutionGuid = {FB09BD2D-A922-4D67-A3E3-F9E04CDEB33F}
	EndGlobalSection
EndGlobal
