
Microsoft Visual Studio Solution File, Format Version 12.00
# Visual Studio 15
VisualStudioVersion = 15.0.26730.16
MinimumVisualStudioVersion = 10.0.40219.1
Project("{8BC9CEB8-8B4A-11D0-8D11-00A0C91BC942}") = "每日一题day_43", "每日一题day_43\每日一题day_43.vcxproj", "{48390D11-DB0F-446D-8C39-313F46132406}"
EndProject
Global
	GlobalSection(SolutionConfigurationPlatforms) = preSolution
		Debug|x64 = Debug|x64
		Debug|x86 = Debug|x86
		Release|x64 = Release|x64
		Release|x86 = Release|x86
	EndGlobalSection
	GlobalSection(ProjectConfigurationPlatforms) = postSolution
		{48390D11-DB0F-446D-8C39-313F46132406}.Debug|x64.ActiveCfg = Debug|x64
		{48390D11-DB0F-446D-8C39-313F46132406}.Debug|x64.Build.0 = Debug|x64
		{48390D11-DB0F-446D-8C39-313F46132406}.Debug|x86.ActiveCfg = Debug|Win32
		{48390D11-DB0F-446D-8C39-313F46132406}.Debug|x86.Build.0 = Debug|Win32
		{48390D11-DB0F-446D-8C39-313F46132406}.Release|x64.ActiveCfg = Release|x64
		{48390D11-DB0F-446D-8C39-313F46132406}.Release|x64.Build.0 = Release|x64
		{48390D11-DB0F-446D-8C39-313F46132406}.Release|x86.ActiveCfg = Release|Win32
		{48390D11-DB0F-446D-8C39-313F46132406}.Release|x86.Build.0 = Release|Win32
	EndGlobalSection
	GlobalSection(SolutionProperties) = preSolution
		HideSolutionNode = FALSE
	EndGlobalSection
	GlobalSection(ExtensibilityGlobals) = postSolution
		SolutionGuid = {6688B085-D398-4A57-A413-D09C15355608}
	EndGlobalSection
EndGlobal
