
Microsoft Visual Studio Solution File, Format Version 12.00
# Visual Studio 15
VisualStudioVersion = 15.0.26730.16
MinimumVisualStudioVersion = 10.0.40219.1
Project("{8BC9CEB8-8B4A-11D0-8D11-00A0C91BC942}") = "寒假day_03", "寒假day_03\寒假day_03.vcxproj", "{E590678F-8C65-4AA2-93B4-8A07FDC0FE0D}"
EndProject
Global
	GlobalSection(SolutionConfigurationPlatforms) = preSolution
		Debug|x64 = Debug|x64
		Debug|x86 = Debug|x86
		Release|x64 = Release|x64
		Release|x86 = Release|x86
	EndGlobalSection
	GlobalSection(ProjectConfigurationPlatforms) = postSolution
		{E590678F-8C65-4AA2-93B4-8A07FDC0FE0D}.Debug|x64.ActiveCfg = Debug|x64
		{E590678F-8C65-4AA2-93B4-8A07FDC0FE0D}.Debug|x64.Build.0 = Debug|x64
		{E590678F-8C65-4AA2-93B4-8A07FDC0FE0D}.Debug|x86.ActiveCfg = Debug|Win32
		{E590678F-8C65-4AA2-93B4-8A07FDC0FE0D}.Debug|x86.Build.0 = Debug|Win32
		{E590678F-8C65-4AA2-93B4-8A07FDC0FE0D}.Release|x64.ActiveCfg = Release|x64
		{E590678F-8C65-4AA2-93B4-8A07FDC0FE0D}.Release|x64.Build.0 = Release|x64
		{E590678F-8C65-4AA2-93B4-8A07FDC0FE0D}.Release|x86.ActiveCfg = Release|Win32
		{E590678F-8C65-4AA2-93B4-8A07FDC0FE0D}.Release|x86.Build.0 = Release|Win32
	EndGlobalSection
	GlobalSection(SolutionProperties) = preSolution
		HideSolutionNode = FALSE
	EndGlobalSection
	GlobalSection(ExtensibilityGlobals) = postSolution
		SolutionGuid = {F016E524-3B91-4384-8A62-92491C2C639A}
	EndGlobalSection
EndGlobal
