
Microsoft Visual Studio Solution File, Format Version 12.00
# Visual Studio 15
VisualStudioVersion = 15.0.26730.16
MinimumVisualStudioVersion = 10.0.40219.1
Project("{8BC9CEB8-8B4A-11D0-8D11-00A0C91BC942}") = "每日一题day_3", "每日一题day_3\每日一题day_3.vcxproj", "{775AE406-1CC1-44E9-AE00-ACA0FD8F1B75}"
EndProject
Global
	GlobalSection(SolutionConfigurationPlatforms) = preSolution
		Debug|x64 = Debug|x64
		Debug|x86 = Debug|x86
		Release|x64 = Release|x64
		Release|x86 = Release|x86
	EndGlobalSection
	GlobalSection(ProjectConfigurationPlatforms) = postSolution
		{775AE406-1CC1-44E9-AE00-ACA0FD8F1B75}.Debug|x64.ActiveCfg = Debug|x64
		{775AE406-1CC1-44E9-AE00-ACA0FD8F1B75}.Debug|x64.Build.0 = Debug|x64
		{775AE406-1CC1-44E9-AE00-ACA0FD8F1B75}.Debug|x86.ActiveCfg = Debug|Win32
		{775AE406-1CC1-44E9-AE00-ACA0FD8F1B75}.Debug|x86.Build.0 = Debug|Win32
		{775AE406-1CC1-44E9-AE00-ACA0FD8F1B75}.Release|x64.ActiveCfg = Release|x64
		{775AE406-1CC1-44E9-AE00-ACA0FD8F1B75}.Release|x64.Build.0 = Release|x64
		{775AE406-1CC1-44E9-AE00-ACA0FD8F1B75}.Release|x86.ActiveCfg = Release|Win32
		{775AE406-1CC1-44E9-AE00-ACA0FD8F1B75}.Release|x86.Build.0 = Release|Win32
	EndGlobalSection
	GlobalSection(SolutionProperties) = preSolution
		HideSolutionNode = FALSE
	EndGlobalSection
	GlobalSection(ExtensibilityGlobals) = postSolution
		SolutionGuid = {363F457C-D66C-4791-97CE-42A67617EA6F}
	EndGlobalSection
EndGlobal
