
Microsoft Visual Studio Solution File, Format Version 12.00
# Visual Studio 15
VisualStudioVersion = 15.0.26730.16
MinimumVisualStudioVersion = 10.0.40219.1
Project("{8BC9CEB8-8B4A-11D0-8D11-00A0C91BC942}") = "剑指offer-day_08", "剑指offer-day_08\剑指offer-day_08.vcxproj", "{9F5B3015-56E3-436C-BC93-310031D81E96}"
EndProject
Global
	GlobalSection(SolutionConfigurationPlatforms) = preSolution
		Debug|x64 = Debug|x64
		Debug|x86 = Debug|x86
		Release|x64 = Release|x64
		Release|x86 = Release|x86
	EndGlobalSection
	GlobalSection(ProjectConfigurationPlatforms) = postSolution
		{9F5B3015-56E3-436C-BC93-310031D81E96}.Debug|x64.ActiveCfg = Debug|x64
		{9F5B3015-56E3-436C-BC93-310031D81E96}.Debug|x64.Build.0 = Debug|x64
		{9F5B3015-56E3-436C-BC93-310031D81E96}.Debug|x86.ActiveCfg = Debug|Win32
		{9F5B3015-56E3-436C-BC93-310031D81E96}.Debug|x86.Build.0 = Debug|Win32
		{9F5B3015-56E3-436C-BC93-310031D81E96}.Release|x64.ActiveCfg = Release|x64
		{9F5B3015-56E3-436C-BC93-310031D81E96}.Release|x64.Build.0 = Release|x64
		{9F5B3015-56E3-436C-BC93-310031D81E96}.Release|x86.ActiveCfg = Release|Win32
		{9F5B3015-56E3-436C-BC93-310031D81E96}.Release|x86.Build.0 = Release|Win32
	EndGlobalSection
	GlobalSection(SolutionProperties) = preSolution
		HideSolutionNode = FALSE
	EndGlobalSection
	GlobalSection(ExtensibilityGlobals) = postSolution
		SolutionGuid = {E9D8A113-B8DE-4F0C-AD11-474B2E0776D9}
	EndGlobalSection
EndGlobal
