
Microsoft Visual Studio Solution File, Format Version 12.00
# Visual Studio 15
VisualStudioVersion = 15.0.26730.16
MinimumVisualStudioVersion = 10.0.40219.1
Project("{8BC9CEB8-8B4A-11D0-8D11-00A0C91BC942}") = "每日一题day_23", "每日一题day_23\每日一题day_23.vcxproj", "{02CCAA9D-BD65-423C-9860-84159102EDB9}"
EndProject
Global
	GlobalSection(SolutionConfigurationPlatforms) = preSolution
		Debug|x64 = Debug|x64
		Debug|x86 = Debug|x86
		Release|x64 = Release|x64
		Release|x86 = Release|x86
	EndGlobalSection
	GlobalSection(ProjectConfigurationPlatforms) = postSolution
		{02CCAA9D-BD65-423C-9860-84159102EDB9}.Debug|x64.ActiveCfg = Debug|x64
		{02CCAA9D-BD65-423C-9860-84159102EDB9}.Debug|x64.Build.0 = Debug|x64
		{02CCAA9D-BD65-423C-9860-84159102EDB9}.Debug|x86.ActiveCfg = Debug|Win32
		{02CCAA9D-BD65-423C-9860-84159102EDB9}.Debug|x86.Build.0 = Debug|Win32
		{02CCAA9D-BD65-423C-9860-84159102EDB9}.Release|x64.ActiveCfg = Release|x64
		{02CCAA9D-BD65-423C-9860-84159102EDB9}.Release|x64.Build.0 = Release|x64
		{02CCAA9D-BD65-423C-9860-84159102EDB9}.Release|x86.ActiveCfg = Release|Win32
		{02CCAA9D-BD65-423C-9860-84159102EDB9}.Release|x86.Build.0 = Release|Win32
	EndGlobalSection
	GlobalSection(SolutionProperties) = preSolution
		HideSolutionNode = FALSE
	EndGlobalSection
	GlobalSection(ExtensibilityGlobals) = postSolution
		SolutionGuid = {50420BAD-296B-411A-B9F5-2D8213444BFB}
	EndGlobalSection
EndGlobal
